
Microsoft Visual Studio Solution File, Format Version 12.00
# Visual Studio Version 17
VisualStudioVersion = 17.5.002.0
MinimumVisualStudioVersion = 10.0.40219.1
Project("{9A19103F-16F7-4668-BE54-9A1E7A4F7556}") = "Sample1", "Sample1.csproj", "{630FC440-8E20-49FE-9051-9B35A9C18317}"
EndProject
Global
	GlobalSection(SolutionConfigurationPlatforms) = preSolution
		Debug|Any CPU = Debug|Any CPU
		Release|Any CPU = Release|Any CPU
	EndGlobalSection
	GlobalSection(ProjectConfigurationPlatforms) = postSolution
		{630FC440-8E20-49FE-9051-9B35A9C18317}.Debug|Any CPU.ActiveCfg = Debug|Any CPU
		{630FC440-8E20-49FE-9051-9B35A9C18317}.Debug|Any CPU.Build.0 = Debug|Any CPU
		{630FC440-8E20-49FE-9051-9B35A9C18317}.Release|Any CPU.ActiveCfg = Release|Any CPU
		{630FC440-8E20-49FE-9051-9B35A9C18317}.Release|Any CPU.Build.0 = Release|Any CPU
	EndGlobalSection
	GlobalSection(SolutionProperties) = preSolution
		HideSolutionNode = FALSE
	EndGlobalSection
	GlobalSection(ExtensibilityGlobals) = postSolution
		SolutionGuid = {44332725-2EA8-462F-A922-968B03FB597A}
	EndGlobalSection
EndGlobal
