
Microsoft Visual Studio Solution File, Format Version 12.00
# Visual Studio Version 17
VisualStudioVersion = 17.5.002.0
MinimumVisualStudioVersion = 10.0.40219.1
Project("{9A19103F-16F7-4668-BE54-9A1E7A4F7556}") = "DIExample", "DIExample.csproj", "{DFDFB6A0-6E4A-4B13-A772-4453EB001B46}"
EndProject
Project("{FAE04EC0-301F-11D3-BF4B-00C04F79EFBC}") = "Services", "Services\Services.csproj", "{B1E25CE0-FFF9-48E4-B7B9-44E163FA073A}"
EndProject
Global
	GlobalSection(SolutionConfigurationPlatforms) = preSolution
		Debug|Any CPU = Debug|Any CPU
		Release|Any CPU = Release|Any CPU
	EndGlobalSection
	GlobalSection(ProjectConfigurationPlatforms) = postSolution
		{DFDFB6A0-6E4A-4B13-A772-4453EB001B46}.Debug|Any CPU.ActiveCfg = Debug|Any CPU
		{DFDFB6A0-6E4A-4B13-A772-4453EB001B46}.Debug|Any CPU.Build.0 = Debug|Any CPU
		{DFDFB6A0-6E4A-4B13-A772-4453EB001B46}.Release|Any CPU.ActiveCfg = Release|Any CPU
		{DFDFB6A0-6E4A-4B13-A772-4453EB001B46}.Release|Any CPU.Build.0 = Release|Any CPU
		{B1E25CE0-FFF9-48E4-B7B9-44E163FA073A}.Debug|Any CPU.ActiveCfg = Debug|Any CPU
		{B1E25CE0-FFF9-48E4-B7B9-44E163FA073A}.Debug|Any CPU.Build.0 = Debug|Any CPU
		{B1E25CE0-FFF9-48E4-B7B9-44E163FA073A}.Release|Any CPU.ActiveCfg = Release|Any CPU
		{B1E25CE0-FFF9-48E4-B7B9-44E163FA073A}.Release|Any CPU.Build.0 = Release|Any CPU
	EndGlobalSection
	GlobalSection(SolutionProperties) = preSolution
		HideSolutionNode = FALSE
	EndGlobalSection
	GlobalSection(ExtensibilityGlobals) = postSolution
		SolutionGuid = {0DA4FB76-8435-4BE5-84E0-7CA7F7F9FCFB}
	EndGlobalSection
EndGlobal
