Microsoft Visual Studio Solution File, Format Version 12.00
# Visual Studio Version 17
VisualStudioVersion = 17.5.2.0
MinimumVisualStudioVersion = 10.0.40219.1
Project("{FAE04EC0-301F-11D3-BF4B-00C04F79EFBC}") = "HttpRequestExample", "HttpRequestExample.csproj", "{A7CC518F-AE2F-9191-E9E3-657028DD8A99}"
EndProject
Global
	GlobalSection(SolutionConfigurationPlatforms) = preSolution
		Debug|Any CPU = Debug|Any CPU
		Release|Any CPU = Release|Any CPU
	EndGlobalSection
	GlobalSection(ProjectConfigurationPlatforms) = postSolution
		{A7CC518F-AE2F-9191-E9E3-657028DD8A99}.Debug|Any CPU.ActiveCfg = Debug|Any CPU
		{A7CC518F-AE2F-9191-E9E3-657028DD8A99}.Debug|Any CPU.Build.0 = Debug|Any CPU
		{A7CC518F-AE2F-9191-E9E3-657028DD8A99}.Release|Any CPU.ActiveCfg = Release|Any CPU
		{A7CC518F-AE2F-9191-E9E3-657028DD8A99}.Release|Any CPU.Build.0 = Release|Any CPU
	EndGlobalSection
	GlobalSection(SolutionProperties) = preSolution
		HideSolutionNode = FALSE
	EndGlobalSection
	GlobalSection(ExtensibilityGlobals) = postSolution
		SolutionGuid = {CAD67DC4-2433-469F-8C76-BF7BB7D0395A}
	EndGlobalSection
EndGlobal
